{
  "name": "@zovo/types-monorepo",
  "version": "1.0.0",
  "lockfileVersion": 3,
  "requires": true,
  "packages": {
    "": {
      "name": "@zovo/types-monorepo",
      "version": "1.0.0",
      "hasInstallScript": true,
      "license": "MIT",
      "workspaces": [
        "packages/*"
      ],
      "devDependencies": {
        "@types/node": "^20.0.0",
        "only-allow": "^1.1.1",
        "typescript": "^5.9.3"
      },
      "engines": {
        "node": ">=18.0.0"
      }
    },
    "node_modules/@types/chrome": {
      "version": "0.1.37",
      "resolved": "https://registry.npmjs.org/@types/chrome/-/chrome-0.1.37.tgz",
      "integrity": "sha512-IJE4ceuDO7lrEuua7Pow47zwNcI8E6qqkowRP7aFPaZ0lrjxh6y836OPqqkIZeTX64FTogbw+4RNH0+QrweCTQ==",
      "license": "MIT",
      "dependencies": {
        "@types/filesystem": "*",
        "@types/har-format": "*"
      }
    },
    "node_modules/@types/filesystem": {
      "version": "0.0.36",
      "resolved": "https://registry.npmjs.org/@types/filesystem/-/filesystem-0.0.36.tgz",
      "integrity": "sha512-vPDXOZuannb9FZdxgHnqSwAG/jvdGM8Wq+6N4D/d80z+D4HWH+bItqsZaVRQykAn6WEVeEkLm2oQigyHtgb0RA==",
      "license": "MIT",
      "dependencies": {
        "@types/filewriter": "*"
      }
    },
    "node_modules/@types/filewriter": {
      "version": "0.0.33",
      "resolved": "https://registry.npmjs.org/@types/filewriter/-/filewriter-0.0.33.tgz",
      "integrity": "sha512-xFU8ZXTw4gd358lb2jw25nxY9QAgqn2+bKKjKOYfNCzN4DKCFetK7sPtrlpg66Ywe3vWY9FNxprZawAh9wfJ3g==",
      "license": "MIT"
    },
    "node_modules/@types/firefox-webext-browser": {
      "version": "143.0.0",
      "resolved": "https://registry.npmjs.org/@types/firefox-webext-browser/-/firefox-webext-browser-143.0.0.tgz",
      "integrity": "sha512-865dYKMOP0CllFyHmgXV4IQgVL51OSQQCwSoihQ17EwugePKFSAZRc0EI+y7Ly4q7j5KyURlA7LgRpFieO4JOw==",
      "license": "MIT"
    },
    "node_modules/@types/har-format": {
      "version": "1.2.16",
      "resolved": "https://registry.npmjs.org/@types/har-format/-/har-format-1.2.16.tgz",
      "integrity": "sha512-fluxdy7ryD3MV6h8pTfTYpy/xQzCFC7m89nOH9y94cNqJ1mDIDPut7MnRHI3F6qRmh/cT2fUjG1MLdCNb4hE9A==",
      "license": "MIT"
    },
    "node_modules/@types/node": {
      "version": "20.19.35",
      "resolved": "https://registry.npmjs.org/@types/node/-/node-20.19.35.tgz",
      "integrity": "sha512-Uarfe6J91b9HAUXxjvSOdiO2UPOKLm07Q1oh0JHxoZ1y8HoqxDAu3gVrsrOHeiio0kSsoVBt4wFrKOm0dKxVPQ==",
      "dev": true,
      "license": "MIT",
      "dependencies": {
        "undici-types": "~6.21.0"
      }
    },
    "node_modules/@zovo/type-helpers": {
      "resolved": "packages/type-helpers",
      "link": true
    },
    "node_modules/@zovo/types-chrome-extension": {
      "resolved": "packages/types-chrome-extension",
      "link": true
    },
    "node_modules/@zovo/types-edge-extension": {
      "resolved": "packages/types-edge-extension",
      "link": true
    },
    "node_modules/@zovo/types-firefox-extension": {
      "resolved": "packages/types-firefox-extension",
      "link": true
    },
    "node_modules/@zovo/types-safari-extension": {
      "resolved": "packages/types-safari-extension",
      "link": true
    },
    "node_modules/@zovo/types-webext-common": {
      "resolved": "packages/types-webext-common",
      "link": true
    },
    "node_modules/@zovo/types-webext-full": {
      "resolved": "packages/types-webext-full",
      "link": true
    },
    "node_modules/only-allow": {
      "version": "1.2.2",
      "resolved": "https://registry.npmjs.org/only-allow/-/only-allow-1.2.2.tgz",
      "integrity": "sha512-uxyNYDsCh5YIJ780G7hC5OHjVUr9reHsbZNMM80L9tZlTpb3hUzb36KXgW4ZUGtJKQnGA3xegmWg1BxhWV0jJA==",
      "dev": true,
      "license": "MIT",
      "dependencies": {
        "which-pm-runs": "1.1.0"
      },
      "bin": {
        "only-allow": "bin.js"
      }
    },
    "node_modules/typescript": {
      "version": "5.9.3",
      "resolved": "https://registry.npmjs.org/typescript/-/typescript-5.9.3.tgz",
      "integrity": "sha512-jl1vZzPDinLr9eUt3J/t7V6FgNEw9QjvBPdysz9KfQDD41fQrC2Y4vKQdiaUpFT4bXlb1RHhLpp8wtm6M5TgSw==",
      "dev": true,
      "license": "Apache-2.0",
      "bin": {
        "tsc": "bin/tsc",
        "tsserver": "bin/tsserver"
      },
      "engines": {
        "node": ">=14.17"
      }
    },
    "node_modules/undici-types": {
      "version": "6.21.0",
      "resolved": "https://registry.npmjs.org/undici-types/-/undici-types-6.21.0.tgz",
      "integrity": "sha512-iwDZqg0QAGrg9Rav5H4n0M64c3mkR59cJ6wQp+7C4nI0gsmExaedaYLNO44eT4AtBBwjbTiGPMlt2Md0T9H9JQ==",
      "dev": true,
      "license": "MIT"
    },
    "node_modules/which-pm-runs": {
      "version": "1.1.0",
      "resolved": "https://registry.npmjs.org/which-pm-runs/-/which-pm-runs-1.1.0.tgz",
      "integrity": "sha512-n1brCuqClxfFfq/Rb0ICg9giSZqCS+pLtccdag6C2HyufBrh3fBOiy9nb6ggRMvWOVH5GrdJskj5iGTZNxd7SA==",
      "dev": true,
      "license": "MIT",
      "engines": {
        "node": ">=4"
      }
    },
    "packages/type-helpers": {
      "name": "@zovo/type-helpers",
      "version": "1.0.0",
      "license": "MIT"
    },
    "packages/types-chrome-extension": {
      "name": "@zovo/types-chrome-extension",
      "version": "1.0.0",
      "dependencies": {
        "@types/chrome": "^0.1.37"
      }
    },
    "packages/types-edge-extension": {
      "name": "@zovo/types-edge-extension",
      "version": "1.0.0"
    },
    "packages/types-firefox-extension": {
      "name": "@zovo/types-firefox-extension",
      "version": "1.0.0",
      "dependencies": {
        "@types/firefox-webext-browser": "^143.0.0"
      }
    },
    "packages/types-safari-extension": {
      "name": "@zovo/types-safari-extension",
      "version": "1.0.0"
    },
    "packages/types-webext-common": {
      "name": "@zovo/types-webext-common",
      "version": "1.0.0"
    },
    "packages/types-webext-full": {
      "name": "@zovo/types-webext-full",
      "version": "1.0.0"
    }
  }
}
